
Microsoft Visual Studio Solution File, Format Version 12.00
# Visual Studio Version 17
VisualStudioVersion = 17.3.32901.215
MinimumVisualStudioVersion = 10.0.40219.1
Project("{9A19103F-16F7-4668-BE54-9A1E7A4F7556}") = "CAP.InMemory.NET6", "CAP.InMemory.NET6\CAP.InMemory.NET6.csproj", "{BA450F3E-BF97-4D05-ADAB-9EF9C4701AB0}"
EndProject
Project("{2150E333-8FDC-42A3-9474-1A3956D46DE8}") = "Quick Start", "Quick Start", "{5A27A5A8-05C9-4CCA-A6D6-D42143E136FD}"
EndProject
Project("{2150E333-8FDC-42A3-9474-1A3956D46DE8}") = "messaging", "messaging", "{16225029-B859-4A0B-88D3-7ED6FEE5769E}"
EndProject
Project("{9A19103F-16F7-4668-BE54-9A1E7A4F7556}") = "CAP.Messaging.Demo", "CAP.Messaging.Demo\CAP.Messaging.Demo.csproj", "{F1507712-2EC1-4B53-A420-C2F83C6D7795}"
EndProject
Project("{2150E333-8FDC-42A3-9474-1A3956D46DE8}") = "filter", "filter", "{3CA0D8D1-42A0-48DD-98AE-E0C1E0EDC2F9}"
EndProject
Project("{9A19103F-16F7-4668-BE54-9A1E7A4F7556}") = "CAP.Filter.Demo", "CAP.Filter.Demo\CAP.Filter.Demo.csproj", "{B7338F00-8F0E-4DF2-A07B-07565711F3D4}"
EndProject
Project("{2150E333-8FDC-42A3-9474-1A3956D46DE8}") = "serialization", "serialization", "{6B876143-FBE7-4595-8441-79896EE77982}"
EndProject
Project("{9A19103F-16F7-4668-BE54-9A1E7A4F7556}") = "CAP.Serialization.Demo", "CAP.Serialization.Demo\CAP.Serialization.Demo.csproj", "{F4CBF51A-A4CA-407F-8F9F-ED56FF385B99}"
EndProject
Project("{2150E333-8FDC-42A3-9474-1A3956D46DE8}") = "transport", "transport", "{B5F06A16-C091-4641-BE17-02CFAA57D0CB}"
EndProject
Project("{9A19103F-16F7-4668-BE54-9A1E7A4F7556}") = "CAP.Transport.Kafka.PostgreSql", "CAP.Transport.Kafka.PostgreSql\CAP.Transport.Kafka.PostgreSql.csproj", "{A0E3B258-4D8D-4207-9CFF-FEBBE84A789B}"
EndProject
Project("{9A19103F-16F7-4668-BE54-9A1E7A4F7556}") = "CAP.Transport.RabbitMQ.MySql", "CAP.Transport.RabbitMQ.MySql\CAP.Transport.RabbitMQ.MySql.csproj", "{264E6898-DE45-4629-B2DE-968EA869EC63}"
EndProject
Project("{9A19103F-16F7-4668-BE54-9A1E7A4F7556}") = "CAP.Transport.RabbitMQ.SqlServer", "CAP.Transport.RabbitMQ.SqlServer\CAP.Transport.RabbitMQ.SqlServer.csproj", "{4780E3F6-D561-48D3-84F9-727BC49C3F7F}"
EndProject
Project("{9A19103F-16F7-4668-BE54-9A1E7A4F7556}") = "CAP.Transport.RabbitMQ.MongoDB", "CAP.Transport.RabbitMQ.MongoDB\CAP.Transport.RabbitMQ.MongoDB.csproj", "{608A7DB4-48AC-47BC-8A36-70D8F892D201}"
EndProject
Project("{9A19103F-16F7-4668-BE54-9A1E7A4F7556}") = "CAP.Redis.SqlServer", "CAP.Redis.SqlServer\CAP.Redis.SqlServer.csproj", "{FFABDDC4-407B-474B-81B3-03AA2143372F}"
EndProject
Project("{2150E333-8FDC-42A3-9474-1A3956D46DE8}") = "解决方案项", "解决方案项", "{087B598E-02FC-4AD9-A39B-495AE9E456BD}"
	ProjectSection(SolutionItems) = preProject
		.gitignore = .gitignore
		README.md = README.md
	EndProjectSection
EndProject
Project("{9A19103F-16F7-4668-BE54-9A1E7A4F7556}") = "CAP.InMemory.Demo", "CAP.InMemory.Demo\CAP.InMemory.Demo.csproj", "{C5D744BB-13E7-4E83-BBFD-961C4D03FD8A}"
EndProject
Global
	GlobalSection(SolutionConfigurationPlatforms) = preSolution
		Debug|Any CPU = Debug|Any CPU
		Release|Any CPU = Release|Any CPU
	EndGlobalSection
	GlobalSection(ProjectConfigurationPlatforms) = postSolution
		{BA450F3E-BF97-4D05-ADAB-9EF9C4701AB0}.Debug|Any CPU.ActiveCfg = Debug|Any CPU
		{BA450F3E-BF97-4D05-ADAB-9EF9C4701AB0}.Debug|Any CPU.Build.0 = Debug|Any CPU
		{BA450F3E-BF97-4D05-ADAB-9EF9C4701AB0}.Release|Any CPU.ActiveCfg = Release|Any CPU
		{BA450F3E-BF97-4D05-ADAB-9EF9C4701AB0}.Release|Any CPU.Build.0 = Release|Any CPU
		{F1507712-2EC1-4B53-A420-C2F83C6D7795}.Debug|Any CPU.ActiveCfg = Debug|Any CPU
		{F1507712-2EC1-4B53-A420-C2F83C6D7795}.Debug|Any CPU.Build.0 = Debug|Any CPU
		{F1507712-2EC1-4B53-A420-C2F83C6D7795}.Release|Any CPU.ActiveCfg = Release|Any CPU
		{F1507712-2EC1-4B53-A420-C2F83C6D7795}.Release|Any CPU.Build.0 = Release|Any CPU
		{B7338F00-8F0E-4DF2-A07B-07565711F3D4}.Debug|Any CPU.ActiveCfg = Debug|Any CPU
		{B7338F00-8F0E-4DF2-A07B-07565711F3D4}.Debug|Any CPU.Build.0 = Debug|Any CPU
		{B7338F00-8F0E-4DF2-A07B-07565711F3D4}.Release|Any CPU.ActiveCfg = Release|Any CPU
		{B7338F00-8F0E-4DF2-A07B-07565711F3D4}.Release|Any CPU.Build.0 = Release|Any CPU
		{F4CBF51A-A4CA-407F-8F9F-ED56FF385B99}.Debug|Any CPU.ActiveCfg = Debug|Any CPU
		{F4CBF51A-A4CA-407F-8F9F-ED56FF385B99}.Debug|Any CPU.Build.0 = Debug|Any CPU
		{F4CBF51A-A4CA-407F-8F9F-ED56FF385B99}.Release|Any CPU.ActiveCfg = Release|Any CPU
		{F4CBF51A-A4CA-407F-8F9F-ED56FF385B99}.Release|Any CPU.Build.0 = Release|Any CPU
		{A0E3B258-4D8D-4207-9CFF-FEBBE84A789B}.Debug|Any CPU.ActiveCfg = Debug|Any CPU
		{A0E3B258-4D8D-4207-9CFF-FEBBE84A789B}.Debug|Any CPU.Build.0 = Debug|Any CPU
		{A0E3B258-4D8D-4207-9CFF-FEBBE84A789B}.Release|Any CPU.ActiveCfg = Release|Any CPU
		{A0E3B258-4D8D-4207-9CFF-FEBBE84A789B}.Release|Any CPU.Build.0 = Release|Any CPU
		{264E6898-DE45-4629-B2DE-968EA869EC63}.Debug|Any CPU.ActiveCfg = Debug|Any CPU
		{264E6898-DE45-4629-B2DE-968EA869EC63}.Debug|Any CPU.Build.0 = Debug|Any CPU
		{264E6898-DE45-4629-B2DE-968EA869EC63}.Release|Any CPU.ActiveCfg = Release|Any CPU
		{264E6898-DE45-4629-B2DE-968EA869EC63}.Release|Any CPU.Build.0 = Release|Any CPU
		{4780E3F6-D561-48D3-84F9-727BC49C3F7F}.Debug|Any CPU.ActiveCfg = Debug|Any CPU
		{4780E3F6-D561-48D3-84F9-727BC49C3F7F}.Debug|Any CPU.Build.0 = Debug|Any CPU
		{4780E3F6-D561-48D3-84F9-727BC49C3F7F}.Release|Any CPU.ActiveCfg = Release|Any CPU
		{4780E3F6-D561-48D3-84F9-727BC49C3F7F}.Release|Any CPU.Build.0 = Release|Any CPU
		{608A7DB4-48AC-47BC-8A36-70D8F892D201}.Debug|Any CPU.ActiveCfg = Debug|Any CPU
		{608A7DB4-48AC-47BC-8A36-70D8F892D201}.Debug|Any CPU.Build.0 = Debug|Any CPU
		{608A7DB4-48AC-47BC-8A36-70D8F892D201}.Release|Any CPU.ActiveCfg = Release|Any CPU
		{608A7DB4-48AC-47BC-8A36-70D8F892D201}.Release|Any CPU.Build.0 = Release|Any CPU
		{FFABDDC4-407B-474B-81B3-03AA2143372F}.Debug|Any CPU.ActiveCfg = Debug|Any CPU
		{FFABDDC4-407B-474B-81B3-03AA2143372F}.Debug|Any CPU.Build.0 = Debug|Any CPU
		{FFABDDC4-407B-474B-81B3-03AA2143372F}.Release|Any CPU.ActiveCfg = Release|Any CPU
		{FFABDDC4-407B-474B-81B3-03AA2143372F}.Release|Any CPU.Build.0 = Release|Any CPU
		{C5D744BB-13E7-4E83-BBFD-961C4D03FD8A}.Debug|Any CPU.ActiveCfg = Debug|Any CPU
		{C5D744BB-13E7-4E83-BBFD-961C4D03FD8A}.Debug|Any CPU.Build.0 = Debug|Any CPU
		{C5D744BB-13E7-4E83-BBFD-961C4D03FD8A}.Release|Any CPU.ActiveCfg = Release|Any CPU
		{C5D744BB-13E7-4E83-BBFD-961C4D03FD8A}.Release|Any CPU.Build.0 = Release|Any CPU
	EndGlobalSection
	GlobalSection(SolutionProperties) = preSolution
		HideSolutionNode = FALSE
	EndGlobalSection
	GlobalSection(NestedProjects) = preSolution
		{BA450F3E-BF97-4D05-ADAB-9EF9C4701AB0} = {5A27A5A8-05C9-4CCA-A6D6-D42143E136FD}
		{F1507712-2EC1-4B53-A420-C2F83C6D7795} = {16225029-B859-4A0B-88D3-7ED6FEE5769E}
		{B7338F00-8F0E-4DF2-A07B-07565711F3D4} = {3CA0D8D1-42A0-48DD-98AE-E0C1E0EDC2F9}
		{F4CBF51A-A4CA-407F-8F9F-ED56FF385B99} = {6B876143-FBE7-4595-8441-79896EE77982}
		{A0E3B258-4D8D-4207-9CFF-FEBBE84A789B} = {B5F06A16-C091-4641-BE17-02CFAA57D0CB}
		{264E6898-DE45-4629-B2DE-968EA869EC63} = {B5F06A16-C091-4641-BE17-02CFAA57D0CB}
		{4780E3F6-D561-48D3-84F9-727BC49C3F7F} = {B5F06A16-C091-4641-BE17-02CFAA57D0CB}
		{608A7DB4-48AC-47BC-8A36-70D8F892D201} = {B5F06A16-C091-4641-BE17-02CFAA57D0CB}
		{FFABDDC4-407B-474B-81B3-03AA2143372F} = {B5F06A16-C091-4641-BE17-02CFAA57D0CB}
		{C5D744BB-13E7-4E83-BBFD-961C4D03FD8A} = {5A27A5A8-05C9-4CCA-A6D6-D42143E136FD}
	EndGlobalSection
	GlobalSection(ExtensibilityGlobals) = postSolution
		SolutionGuid = {BC13E6BA-8E4D-4CF1-AEA9-9CA0D2FBB519}
	EndGlobalSection
EndGlobal
